
Microsoft Visual Studio Solution File, Format Version 12.00
# Visual Studio Version 17
VisualStudioVersion = 17.0.31903.59
MinimumVisualStudioVersion = 10.0.40219.1
Project("{FAE04EC0-301F-11D3-BF4B-00C04F79EFBC}") = "HelpChat.Lib", "HelpChat.Lib\HelpChat.Lib.csproj", "{71A5A33E-3A54-488B-88A9-63808839AB30}"
EndProject
Project("{FAE04EC0-301F-11D3-BF4B-00C04F79EFBC}") = "HelpChat.Lib.Tests", "HelpChat.Lib.Tests\HelpChat.Lib.Tests.csproj", "{24AA3DCE-A6A2-47D9-AEE4-E942F93550EC}"
EndProject
Project("{FAE04EC0-301F-11D3-BF4B-00C04F79EFBC}") = "HelpChat.Console", "HelpChat.Console\HelpChat.Console.csproj", "{B21A4B7F-38F7-4A35-A995-18C7065805CE}"
EndProject
Global
	GlobalSection(SolutionConfigurationPlatforms) = preSolution
		Debug|Any CPU = Debug|Any CPU
		Debug|x64 = Debug|x64
		Debug|x86 = Debug|x86
		Release|Any CPU = Release|Any CPU
		Release|x64 = Release|x64
		Release|x86 = Release|x86
	EndGlobalSection
	GlobalSection(ProjectConfigurationPlatforms) = postSolution
		{71A5A33E-3A54-488B-88A9-63808839AB30}.Debug|Any CPU.ActiveCfg = Debug|Any CPU
		{71A5A33E-3A54-488B-88A9-63808839AB30}.Debug|Any CPU.Build.0 = Debug|Any CPU
		{71A5A33E-3A54-488B-88A9-63808839AB30}.Debug|x64.ActiveCfg = Debug|Any CPU
		{71A5A33E-3A54-488B-88A9-63808839AB30}.Debug|x64.Build.0 = Debug|Any CPU
		{71A5A33E-3A54-488B-88A9-63808839AB30}.Debug|x86.ActiveCfg = Debug|Any CPU
		{71A5A33E-3A54-488B-88A9-63808839AB30}.Debug|x86.Build.0 = Debug|Any CPU
		{71A5A33E-3A54-488B-88A9-63808839AB30}.Release|Any CPU.ActiveCfg = Release|Any CPU
		{71A5A33E-3A54-488B-88A9-63808839AB30}.Release|Any CPU.Build.0 = Release|Any CPU
		{71A5A33E-3A54-488B-88A9-63808839AB30}.Release|x64.ActiveCfg = Release|Any CPU
		{71A5A33E-3A54-488B-88A9-63808839AB30}.Release|x64.Build.0 = Release|Any CPU
		{71A5A33E-3A54-488B-88A9-63808839AB30}.Release|x86.ActiveCfg = Release|Any CPU
		{71A5A33E-3A54-488B-88A9-63808839AB30}.Release|x86.Build.0 = Release|Any CPU
		{24AA3DCE-A6A2-47D9-AEE4-E942F93550EC}.Debug|Any CPU.ActiveCfg = Debug|Any CPU
		{24AA3DCE-A6A2-47D9-AEE4-E942F93550EC}.Debug|Any CPU.Build.0 = Debug|Any CPU
		{24AA3DCE-A6A2-47D9-AEE4-E942F93550EC}.Debug|x64.ActiveCfg = Debug|Any CPU
		{24AA3DCE-A6A2-47D9-AEE4-E942F93550EC}.Debug|x64.Build.0 = Debug|Any CPU
		{24AA3DCE-A6A2-47D9-AEE4-E942F93550EC}.Debug|x86.ActiveCfg = Debug|Any CPU
		{24AA3DCE-A6A2-47D9-AEE4-E942F93550EC}.Debug|x86.Build.0 = Debug|Any CPU
		{24AA3DCE-A6A2-47D9-AEE4-E942F93550EC}.Release|Any CPU.ActiveCfg = Release|Any CPU
		{24AA3DCE-A6A2-47D9-AEE4-E942F93550EC}.Release|Any CPU.Build.0 = Release|Any CPU
		{24AA3DCE-A6A2-47D9-AEE4-E942F93550EC}.Release|x64.ActiveCfg = Release|Any CPU
		{24AA3DCE-A6A2-47D9-AEE4-E942F93550EC}.Release|x64.Build.0 = Release|Any CPU
		{24AA3DCE-A6A2-47D9-AEE4-E942F93550EC}.Release|x86.ActiveCfg = Release|Any CPU
		{24AA3DCE-A6A2-47D9-AEE4-E942F93550EC}.Release|x86.Build.0 = Release|Any CPU
		{B21A4B7F-38F7-4A35-A995-18C7065805CE}.Debug|Any CPU.ActiveCfg = Debug|Any CPU
		{B21A4B7F-38F7-4A35-A995-18C7065805CE}.Debug|Any CPU.Build.0 = Debug|Any CPU
		{B21A4B7F-38F7-4A35-A995-18C7065805CE}.Debug|x64.ActiveCfg = Debug|Any CPU
		{B21A4B7F-38F7-4A35-A995-18C7065805CE}.Debug|x64.Build.0 = Debug|Any CPU
		{B21A4B7F-38F7-4A35-A995-18C7065805CE}.Debug|x86.ActiveCfg = Debug|Any CPU
		{B21A4B7F-38F7-4A35-A995-18C7065805CE}.Debug|x86.Build.0 = Debug|Any CPU
		{B21A4B7F-38F7-4A35-A995-18C7065805CE}.Release|Any CPU.ActiveCfg = Release|Any CPU
		{B21A4B7F-38F7-4A35-A995-18C7065805CE}.Release|Any CPU.Build.0 = Release|Any CPU
		{B21A4B7F-38F7-4A35-A995-18C7065805CE}.Release|x64.ActiveCfg = Release|Any CPU
		{B21A4B7F-38F7-4A35-A995-18C7065805CE}.Release|x64.Build.0 = Release|Any CPU
		{B21A4B7F-38F7-4A35-A995-18C7065805CE}.Release|x86.ActiveCfg = Release|Any CPU
		{B21A4B7F-38F7-4A35-A995-18C7065805CE}.Release|x86.Build.0 = Release|Any CPU
	EndGlobalSection
	GlobalSection(SolutionProperties) = preSolution
		HideSolutionNode = FALSE
	EndGlobalSection
EndGlobal
